
Microsoft Visual Studio Solution File, Format Version 12.00
# Visual Studio Express 2013 for Web
VisualStudioVersion = 12.0.30501.0
MinimumVisualStudioVersion = 10.0.40219.1
Project("{FAE04EC0-301F-11D3-BF4B-00C04F79EFBC}") = "SHBC_SNN", "SHBC_SNN\SHBC_SNN.csproj", "{FA3FE52B-9E5A-47DE-AA73-8598D9B1F3B6}"
EndProject
Project("{FAE04EC0-301F-11D3-BF4B-00C04F79EFBC}") = "SHBC_SNN.Tests", "SHBC_SNN.Tests\SHBC_SNN.Tests.csproj", "{2E47F8FA-86BF-432D-A65B-EEC2002E029B}"
EndProject
Global
	GlobalSection(SolutionConfigurationPlatforms) = preSolution
		Debug|Any CPU = Debug|Any CPU
		Release|Any CPU = Release|Any CPU
	EndGlobalSection
	GlobalSection(ProjectConfigurationPlatforms) = postSolution
		{FA3FE52B-9E5A-47DE-AA73-8598D9B1F3B6}.Debug|Any CPU.ActiveCfg = Debug|Any CPU
		{FA3FE52B-9E5A-47DE-AA73-8598D9B1F3B6}.Debug|Any CPU.Build.0 = Debug|Any CPU
		{FA3FE52B-9E5A-47DE-AA73-8598D9B1F3B6}.Release|Any CPU.ActiveCfg = Release|Any CPU
		{FA3FE52B-9E5A-47DE-AA73-8598D9B1F3B6}.Release|Any CPU.Build.0 = Release|Any CPU
		{2E47F8FA-86BF-432D-A65B-EEC2002E029B}.Debug|Any CPU.ActiveCfg = Debug|Any CPU
		{2E47F8FA-86BF-432D-A65B-EEC2002E029B}.Debug|Any CPU.Build.0 = Debug|Any CPU
		{2E47F8FA-86BF-432D-A65B-EEC2002E029B}.Release|Any CPU.ActiveCfg = Release|Any CPU
		{2E47F8FA-86BF-432D-A65B-EEC2002E029B}.Release|Any CPU.Build.0 = Release|Any CPU
	EndGlobalSection
	GlobalSection(SolutionProperties) = preSolution
		HideSolutionNode = FALSE
	EndGlobalSection
EndGlobal
